<?xml version="1.0" encoding="utf-8"?>
<Project ToolsVersion="4.0" xmlns="http://schemas.microsoft.com/developer/msbuild/2003">
  <ItemGroup>
    <Filter Include="Source Files">
      <UniqueIdentifier>{4FC737F1-C7A5-4376-A066-2A32D752A2FF}</UniqueIdentifier>
      <Extensions>cpp;c;cc;cxx;def;odl;idl;hpj;bat;asm;asmx</Extensions>
    </Filter>
    <Filter Include="Header Files">
      <UniqueIdentifier>{93995380-89BD-4b04-88EB-625FBE52EBFB}</UniqueIdentifier>
      <Extensions>h;hh;hpp;hxx;hm;inl;inc;xsd</Extensions>
    </Filter>
    <Filter Include="Resource Files">
      <UniqueIdentifier>{67DA6AB6-F800-4c08-8B7A-83BB121AAD01}</UniqueIdentifier>
      <Extensions>rc;ico;cur;bmp;dlg;rc2;rct;bin;rgs;gif;jpg;jpeg;jpe;resx;tiff;tif;png;wav;mfcribbon-ms</Extensions>
    </Filter>
    <Filter Include="Components">
      <UniqueIdentifier>{03b57a05-d9ce-4227-8dd5-cf034f281d69}</UniqueIdentifier>
    </Filter>
    <Filter Include="Core">
      <UniqueIdentifier>{5bfb3bbc-d18a-4b50-9a59-281a20c4bdeb}</UniqueIdentifier>
    </Filter>
    <Filter Include="Level">
      <UniqueIdentifier>{7a9c26a4-f900-490f-8a2b-be8fd6c3c8a6}</UniqueIdentifier>
    </Filter>
  </ItemGroup>
  <ItemGroup>
    <Text Include="ReadMe.txt" />
  </ItemGroup>
  <ItemGroup>
    <ClInclude Include="stdafx.h">
      <Filter>Header Files</Filter>
    </ClInclude>
    <ClInclude Include="targetver.h">
      <Filter>Header Files</Filter>
    </ClInclude>
    <ClInclude Include="Camera.h">
      <Filter>Components</Filter>
    </ClInclude>
    <ClInclude Include="Component.h">
      <Filter>Components</Filter>
    </ClInclude>
    <ClInclude Include="Light.h">
      <Filter>Components</Filter>
    </ClInclude>
    <ClInclude Include="MeshRenderer.h">
      <Filter>Components</Filter>
    </ClInclude>
    <ClInclude Include="CubeMesh.h">
      <Filter>Core</Filter>
    </ClInclude>
    <ClInclude Include="GameObject.h">
      <Filter>Core</Filter>
    </ClInclude>
    <ClInclude Include="glut.h">
      <Filter>Core</Filter>
    </ClInclude>
    <ClInclude Include="Graphics.h">
      <Filter>Core</Filter>
    </ClInclude>
    <ClInclude Include="LinkedList.h">
      <Filter>Core</Filter>
    </ClInclude>
    <ClInclude Include="Material.h">
      <Filter>Core</Filter>
    </ClInclude>
    <ClInclude Include="Mesh.h">
      <Filter>Core</Filter>
    </ClInclude>
    <ClInclude Include="Object.h">
      <Filter>Core</Filter>
    </ClInclude>
    <ClInclude Include="Physics.h">
      <Filter>Core</Filter>
    </ClInclude>
    <ClInclude Include="Shader.h">
      <Filter>Core</Filter>
    </ClInclude>
    <ClInclude Include="Transform.h">
      <Filter>Components</Filter>
    </ClInclude>
    <ClInclude Include="Level.h">
      <Filter>Level</Filter>
    </ClInclude>
    <ClInclude Include="FBXMesh.h">
      <Filter>Core</Filter>
    </ClInclude>
    <ClInclude Include="Script.h">
      <Filter>Components</Filter>
    </ClInclude>
    <ClInclude Include="InputManager.h">
      <Filter>Core</Filter>
    </ClInclude>
    <ClInclude Include="SphereMesh.h">
      <Filter>Core</Filter>
    </ClInclude>
    <ClInclude Include="RigidBody.h">
      <Filter>Components</Filter>
    </ClInclude>
    <ClInclude Include="PlayerController.h">
      <Filter>Components</Filter>
    </ClInclude>
    <ClInclude Include="PhysicsDebug.h">
      <Filter>Core</Filter>
    </ClInclude>
  </ItemGroup>
  <ItemGroup>
    <ClCompile Include="stdafx.cpp">
      <Filter>Source Files</Filter>
    </ClCompile>
    <ClCompile Include="Camera.cpp">
      <Filter>Components</Filter>
    </ClCompile>
    <ClCompile Include="Component.cpp">
      <Filter>Components</Filter>
    </ClCompile>
    <ClCompile Include="Light.cpp">
      <Filter>Components</Filter>
    </ClCompile>
    <ClCompile Include="MeshRenderer.cpp">
      <Filter>Components</Filter>
    </ClCompile>
    <ClCompile Include="Transform.cpp">
      <Filter>Components</Filter>
    </ClCompile>
    <ClCompile Include="CubeMesh.cpp">
      <Filter>Core</Filter>
    </ClCompile>
    <ClCompile Include="GameObject.cpp">
      <Filter>Core</Filter>
    </ClCompile>
    <ClCompile Include="Graphics.cpp">
      <Filter>Core</Filter>
    </ClCompile>
    <ClCompile Include="Material.cpp">
      <Filter>Core</Filter>
    </ClCompile>
    <ClCompile Include="Object.cpp">
      <Filter>Core</Filter>
    </ClCompile>
    <ClCompile Include="Physics.cpp">
      <Filter>Core</Filter>
    </ClCompile>
    <ClCompile Include="QEngine.cpp">
      <Filter>Core</Filter>
    </ClCompile>
    <ClCompile Include="Shader.cpp">
      <Filter>Core</Filter>
    </ClCompile>
    <ClCompile Include="Level.cpp">
      <Filter>Level</Filter>
    </ClCompile>
    <ClCompile Include="FBXMesh.cpp">
      <Filter>Core</Filter>
    </ClCompile>
    <ClCompile Include="Script.cpp">
      <Filter>Components</Filter>
    </ClCompile>
    <ClCompile Include="InputManager.cpp">
      <Filter>Core</Filter>
    </ClCompile>
    <ClCompile Include="SphereMesh.cpp">
      <Filter>Core</Filter>
    </ClCompile>
    <ClCompile Include="RigidBody.cpp">
      <Filter>Components</Filter>
    </ClCompile>
    <ClCompile Include="PlayerController.cpp">
      <Filter>Components</Filter>
    </ClCompile>
    <ClCompile Include="PhysicsDebug.cpp">
      <Filter>Core</Filter>
    </ClCompile>
  </ItemGroup>
  <ItemGroup>
    <None Include="MyScript.lua">
      <Filter>Core</Filter>
    </None>
  </ItemGroup>
</Project>